{
  "originHash" : "8a2e4a75110bfd1e56ca3fc413156dd03272520f3a4d948b0c1121eceb8ce616",
  "pins" : [
    {
      "identity" : "misakiswift",
      "kind" : "remoteSourceControl",
      "location" : "https://github.com/ahh1539/MisakiSwift",
      "state" : {
        "revision" : "b2b71001543e5a546b6abf526b2b7602ee964a06",
        "version" : "1.0.11"
      }
    },
    {
      "identity" : "mlx-swift",
      "kind" : "remoteSourceControl",
      "location" : "https://github.com/ahh1539/mlx-swift",
      "state" : {
        "revision" : "5b2f64f104860d6fe391915f22bade2108627d5e",
        "version" : "0.31.6-junco.0.32.4"
      }
    },
    {
      "identity" : "mlxutilslibrary",
      "kind" : "remoteSourceControl",
      "location" : "https://github.com/ahh1539/MLXUtilsLibrary.git",
      "state" : {
        "revision" : "4ad356424a49e061800976ad23e9226f2e2e0216",
        "version" : "0.0.6-junco.3"
      }
    },
    {
      "identity" : "swift-numerics",
      "kind" : "remoteSourceControl",
      "location" : "https://github.com/apple/swift-numerics",
      "state" : {
        "revision" : "0c0290ff6b24942dadb83a929ffaaa1481df04a2",
        "version" : "1.1.1"
      }
    },
    {
      "identity" : "zipfoundation",
      "kind" : "remoteSourceControl",
      "location" : "https://github.com/weichsel/ZIPFoundation.git",
      "state" : {
        "revision" : "22787ffb59de99e5dc1fbfe80b19c97a904ad48d",
        "version" : "0.9.20"
      }
    }
  ],
  "version" : 3
}
